
Microsoft Visual Studio Solution File, Format Version 12.00
# Visual Studio 14
VisualStudioVersion = 14.0.23107.0
MinimumVisualStudioVersion = 10.0.40219.1
Project("{FAE04EC0-301F-11D3-BF4B-00C04F79EFBC}") = "Itsg.Ostc", "Itsg.Ostc\Itsg.Ostc.csproj", "{03A2525F-BD80-418D-B9DF-500BA6DD2CCE}"
EndProject
Project("{FAE04EC0-301F-11D3-BF4B-00C04F79EFBC}") = "Itsg.Ostc1", "Itsg.Ostc1\Itsg.Ostc1.csproj", "{29BF2CD7-2966-42C4-AFC5-CDFBF72981FE}"
EndProject
Project("{FAE04EC0-301F-11D3-BF4B-00C04F79EFBC}") = "Itsg.Ostc1.Validator", "Itsg.Ostc1.Validator\Itsg.Ostc1.Validator.csproj", "{8EA127E9-1354-46B1-BF4A-9FF8FA5FF256}"
EndProject
Project("{FAE04EC0-301F-11D3-BF4B-00C04F79EFBC}") = "Itsg.Ostc.Test", "Itsg.Ostc.Test\Itsg.Ostc.Test.csproj", "{867F03E3-0450-42D2-851D-F84CE7617748}"
EndProject
Project("{FAE04EC0-301F-11D3-BF4B-00C04F79EFBC}") = "Itsg.Ostc2", "Itsg.Ostc2\Itsg.Ostc2.csproj", "{CA776F8B-CF00-4D3E-87C4-5AF3E64FA1C3}"
EndProject
Project("{FAE04EC0-301F-11D3-BF4B-00C04F79EFBC}") = "Itsg.Ostc2.Validator", "Itsg.Ostc2.Validator\Itsg.Ostc2.Validator.csproj", "{C471B64D-04F5-40AA-8D26-21E4552FC1FA}"
EndProject
Project("{2150E333-8FDC-42A3-9474-1A3956D46DE8}") = "NuGet", "NuGet", "{094BCC53-8A1E-4ADE-9936-139D7D1DE087}"
EndProject
Project("{2150E333-8FDC-42A3-9474-1A3956D46DE8}") = "Tests", "Tests", "{D7E2F3EC-2092-4480-8397-39F3CBCE0343}"
EndProject
Project("{FF286327-C783-4F7A-AB73-9BCBAD0D4460}") = "Itsg.Ostc.Pkg", "Itsg.Ostc.Pkg\Itsg.Ostc.Pkg.nuproj", "{5827075B-48CB-49BF-ADC6-71CEA81D013C}"
EndProject
Project("{FF286327-C783-4F7A-AB73-9BCBAD0D4460}") = "Itsg.Ostc1.Pkg", "Itsg.Ostc1.Pkg\Itsg.Ostc1.Pkg.nuproj", "{A3591BA4-CFB0-44AA-A5C3-A2DF2DD20974}"
EndProject
Project("{FF286327-C783-4F7A-AB73-9BCBAD0D4460}") = "Itsg.Ostc2.Pkg", "Itsg.Ostc2.Pkg\Itsg.Ostc2.Pkg.nuproj", "{48C4B41B-78A4-4E1D-9634-399B40C1026F}"
EndProject
Project("{FF286327-C783-4F7A-AB73-9BCBAD0D4460}") = "Itsg.Ostc1.Validator.Pkg", "Itsg.Ostc1.Validator.Pkg\Itsg.Ostc1.Validator.Pkg.nuproj", "{7E0B0614-F46E-47A5-AF8D-7F2DE07DE4EC}"
EndProject
Project("{FF286327-C783-4F7A-AB73-9BCBAD0D4460}") = "Itsg.Ostc2.Validator.Pkg", "Itsg.Ostc2.Validator.Pkg\Itsg.Ostc2.Validator.Pkg.nuproj", "{BD77C504-3729-41A2-BA91-6B9D1B20A2E9}"
EndProject
Project("{2150E333-8FDC-42A3-9474-1A3956D46DE8}") = "Solution Items", "Solution Items", "{33FD733C-66DC-4376-82F0-F1BED3C78D2B}"
	ProjectSection(SolutionItems) = preProject
		LICENSE.md = LICENSE.md
		README.md = README.md
	EndProjectSection
EndProject
Global
	GlobalSection(SolutionConfigurationPlatforms) = preSolution
		Debug|Any CPU = Debug|Any CPU
		Release|Any CPU = Release|Any CPU
	EndGlobalSection
	GlobalSection(ProjectConfigurationPlatforms) = postSolution
		{03A2525F-BD80-418D-B9DF-500BA6DD2CCE}.Debug|Any CPU.ActiveCfg = Debug|Any CPU
		{03A2525F-BD80-418D-B9DF-500BA6DD2CCE}.Debug|Any CPU.Build.0 = Debug|Any CPU
		{03A2525F-BD80-418D-B9DF-500BA6DD2CCE}.Release|Any CPU.ActiveCfg = Release|Any CPU
		{03A2525F-BD80-418D-B9DF-500BA6DD2CCE}.Release|Any CPU.Build.0 = Release|Any CPU
		{29BF2CD7-2966-42C4-AFC5-CDFBF72981FE}.Debug|Any CPU.ActiveCfg = Debug|Any CPU
		{29BF2CD7-2966-42C4-AFC5-CDFBF72981FE}.Debug|Any CPU.Build.0 = Debug|Any CPU
		{29BF2CD7-2966-42C4-AFC5-CDFBF72981FE}.Release|Any CPU.ActiveCfg = Release|Any CPU
		{29BF2CD7-2966-42C4-AFC5-CDFBF72981FE}.Release|Any CPU.Build.0 = Release|Any CPU
		{8EA127E9-1354-46B1-BF4A-9FF8FA5FF256}.Debug|Any CPU.ActiveCfg = Debug|Any CPU
		{8EA127E9-1354-46B1-BF4A-9FF8FA5FF256}.Debug|Any CPU.Build.0 = Debug|Any CPU
		{8EA127E9-1354-46B1-BF4A-9FF8FA5FF256}.Release|Any CPU.ActiveCfg = Release|Any CPU
		{8EA127E9-1354-46B1-BF4A-9FF8FA5FF256}.Release|Any CPU.Build.0 = Release|Any CPU
		{867F03E3-0450-42D2-851D-F84CE7617748}.Debug|Any CPU.ActiveCfg = Debug|Any CPU
		{867F03E3-0450-42D2-851D-F84CE7617748}.Debug|Any CPU.Build.0 = Debug|Any CPU
		{867F03E3-0450-42D2-851D-F84CE7617748}.Release|Any CPU.ActiveCfg = Release|Any CPU
		{867F03E3-0450-42D2-851D-F84CE7617748}.Release|Any CPU.Build.0 = Release|Any CPU
		{CA776F8B-CF00-4D3E-87C4-5AF3E64FA1C3}.Debug|Any CPU.ActiveCfg = Debug|Any CPU
		{CA776F8B-CF00-4D3E-87C4-5AF3E64FA1C3}.Debug|Any CPU.Build.0 = Debug|Any CPU
		{CA776F8B-CF00-4D3E-87C4-5AF3E64FA1C3}.Release|Any CPU.ActiveCfg = Release|Any CPU
		{CA776F8B-CF00-4D3E-87C4-5AF3E64FA1C3}.Release|Any CPU.Build.0 = Release|Any CPU
		{C471B64D-04F5-40AA-8D26-21E4552FC1FA}.Debug|Any CPU.ActiveCfg = Debug|Any CPU
		{C471B64D-04F5-40AA-8D26-21E4552FC1FA}.Debug|Any CPU.Build.0 = Debug|Any CPU
		{C471B64D-04F5-40AA-8D26-21E4552FC1FA}.Release|Any CPU.ActiveCfg = Release|Any CPU
		{C471B64D-04F5-40AA-8D26-21E4552FC1FA}.Release|Any CPU.Build.0 = Release|Any CPU
		{5827075B-48CB-49BF-ADC6-71CEA81D013C}.Debug|Any CPU.ActiveCfg = Debug|Any CPU
		{5827075B-48CB-49BF-ADC6-71CEA81D013C}.Debug|Any CPU.Build.0 = Debug|Any CPU
		{5827075B-48CB-49BF-ADC6-71CEA81D013C}.Release|Any CPU.ActiveCfg = Release|Any CPU
		{5827075B-48CB-49BF-ADC6-71CEA81D013C}.Release|Any CPU.Build.0 = Release|Any CPU
		{A3591BA4-CFB0-44AA-A5C3-A2DF2DD20974}.Debug|Any CPU.ActiveCfg = Debug|Any CPU
		{A3591BA4-CFB0-44AA-A5C3-A2DF2DD20974}.Debug|Any CPU.Build.0 = Debug|Any CPU
		{A3591BA4-CFB0-44AA-A5C3-A2DF2DD20974}.Release|Any CPU.ActiveCfg = Release|Any CPU
		{A3591BA4-CFB0-44AA-A5C3-A2DF2DD20974}.Release|Any CPU.Build.0 = Release|Any CPU
		{48C4B41B-78A4-4E1D-9634-399B40C1026F}.Debug|Any CPU.ActiveCfg = Debug|Any CPU
		{48C4B41B-78A4-4E1D-9634-399B40C1026F}.Debug|Any CPU.Build.0 = Debug|Any CPU
		{48C4B41B-78A4-4E1D-9634-399B40C1026F}.Release|Any CPU.ActiveCfg = Release|Any CPU
		{48C4B41B-78A4-4E1D-9634-399B40C1026F}.Release|Any CPU.Build.0 = Release|Any CPU
		{7E0B0614-F46E-47A5-AF8D-7F2DE07DE4EC}.Debug|Any CPU.ActiveCfg = Debug|Any CPU
		{7E0B0614-F46E-47A5-AF8D-7F2DE07DE4EC}.Debug|Any CPU.Build.0 = Debug|Any CPU
		{7E0B0614-F46E-47A5-AF8D-7F2DE07DE4EC}.Release|Any CPU.ActiveCfg = Release|Any CPU
		{7E0B0614-F46E-47A5-AF8D-7F2DE07DE4EC}.Release|Any CPU.Build.0 = Release|Any CPU
		{BD77C504-3729-41A2-BA91-6B9D1B20A2E9}.Debug|Any CPU.ActiveCfg = Debug|Any CPU
		{BD77C504-3729-41A2-BA91-6B9D1B20A2E9}.Debug|Any CPU.Build.0 = Debug|Any CPU
		{BD77C504-3729-41A2-BA91-6B9D1B20A2E9}.Release|Any CPU.ActiveCfg = Release|Any CPU
		{BD77C504-3729-41A2-BA91-6B9D1B20A2E9}.Release|Any CPU.Build.0 = Release|Any CPU
	EndGlobalSection
	GlobalSection(SolutionProperties) = preSolution
		HideSolutionNode = FALSE
	EndGlobalSection
	GlobalSection(NestedProjects) = preSolution
		{867F03E3-0450-42D2-851D-F84CE7617748} = {D7E2F3EC-2092-4480-8397-39F3CBCE0343}
		{5827075B-48CB-49BF-ADC6-71CEA81D013C} = {094BCC53-8A1E-4ADE-9936-139D7D1DE087}
		{A3591BA4-CFB0-44AA-A5C3-A2DF2DD20974} = {094BCC53-8A1E-4ADE-9936-139D7D1DE087}
		{48C4B41B-78A4-4E1D-9634-399B40C1026F} = {094BCC53-8A1E-4ADE-9936-139D7D1DE087}
		{7E0B0614-F46E-47A5-AF8D-7F2DE07DE4EC} = {094BCC53-8A1E-4ADE-9936-139D7D1DE087}
		{BD77C504-3729-41A2-BA91-6B9D1B20A2E9} = {094BCC53-8A1E-4ADE-9936-139D7D1DE087}
	EndGlobalSection
EndGlobal
